
Microsoft Visual Studio Solution File, Format Version 12.00
# Visual Studio Version 17
VisualStudioVersion = 17.2.32602.215
MinimumVisualStudioVersion = 10.0.40219.1
Project("{2150E333-8FDC-42A3-9474-1A3956D46DE8}") = "Core", "Core", "{51D645B2-5A4F-4F40-AFF5-6FA3CDA9843F}"
EndProject
Project("{FAE04EC0-301F-11D3-BF4B-00C04F79EFBC}") = "ETicaretAPI.Domain", "Core\ETicaretAPI.Domain\ETicaretAPI.Domain.csproj", "{98E7E46B-9EAA-4B95-8D5A-4554F01D158A}"
EndProject
Project("{FAE04EC0-301F-11D3-BF4B-00C04F79EFBC}") = "ETicaretAPI.Application", "Core\ETicaretAPI.Application\ETicaretAPI.Application.csproj", "{23D5D33A-6305-4A92-B0E7-DCD8167AE0B4}"
EndProject
Project("{2150E333-8FDC-42A3-9474-1A3956D46DE8}") = "Infrastructure", "Infrastructure", "{FBDA200B-6EAA-4121-9172-78E8BFCCFFF1}"
EndProject
Project("{FAE04EC0-301F-11D3-BF4B-00C04F79EFBC}") = "ETicaretAPI.Infrastructure", "Infrastructure\ETicaretAPI.Infrastructure\ETicaretAPI.Infrastructure.csproj", "{C8F81DF7-40A4-48FE-AA57-DD6D1E2228AF}"
EndProject
Project("{FAE04EC0-301F-11D3-BF4B-00C04F79EFBC}") = "ETicaretAPI.Persistence", "Infrastructure\ETicaretAPI.Persistence\ETicaretAPI.Persistence.csproj", "{B555972F-7D99-438C-9AC6-5E121FDBD099}"
EndProject
Project("{FAE04EC0-301F-11D3-BF4B-00C04F79EFBC}") = "ETicaretAPI.SignalR", "Infrastructure\ETicaretAPI.SignalR\ETicaretAPI.SignalR.csproj", "{3C5DC71C-C763-4FD1-A941-5F3D5ED7F2E8}"
EndProject
Project("{2150E333-8FDC-42A3-9474-1A3956D46DE8}") = "Presentation", "Presentation", "{93576E9C-D08E-49AE-A628-D92ABE9B0B0C}"
EndProject
Project("{FAE04EC0-301F-11D3-BF4B-00C04F79EFBC}") = "ETicaretAPI.API", "Presentation\ETicaretAPI.API\ETicaretAPI.API.csproj", "{EF7B85FA-E1F2-44BE-B35F-9A9A150D5A65}"
EndProject
Global
	GlobalSection(SolutionConfigurationPlatforms) = preSolution
		Debug|Any CPU = Debug|Any CPU
		Release|Any CPU = Release|Any CPU
	EndGlobalSection
	GlobalSection(ProjectConfigurationPlatforms) = postSolution
		{98E7E46B-9EAA-4B95-8D5A-4554F01D158A}.Debug|Any CPU.ActiveCfg = Debug|Any CPU
		{98E7E46B-9EAA-4B95-8D5A-4554F01D158A}.Debug|Any CPU.Build.0 = Debug|Any CPU
		{98E7E46B-9EAA-4B95-8D5A-4554F01D158A}.Release|Any CPU.ActiveCfg = Release|Any CPU
		{98E7E46B-9EAA-4B95-8D5A-4554F01D158A}.Release|Any CPU.Build.0 = Release|Any CPU
		{23D5D33A-6305-4A92-B0E7-DCD8167AE0B4}.Debug|Any CPU.ActiveCfg = Debug|Any CPU
		{23D5D33A-6305-4A92-B0E7-DCD8167AE0B4}.Debug|Any CPU.Build.0 = Debug|Any CPU
		{23D5D33A-6305-4A92-B0E7-DCD8167AE0B4}.Release|Any CPU.ActiveCfg = Release|Any CPU
		{23D5D33A-6305-4A92-B0E7-DCD8167AE0B4}.Release|Any CPU.Build.0 = Release|Any CPU
		{C8F81DF7-40A4-48FE-AA57-DD6D1E2228AF}.Debug|Any CPU.ActiveCfg = Debug|Any CPU
		{C8F81DF7-40A4-48FE-AA57-DD6D1E2228AF}.Debug|Any CPU.Build.0 = Debug|Any CPU
		{C8F81DF7-40A4-48FE-AA57-DD6D1E2228AF}.Release|Any CPU.ActiveCfg = Release|Any CPU
		{C8F81DF7-40A4-48FE-AA57-DD6D1E2228AF}.Release|Any CPU.Build.0 = Release|Any CPU
		{B555972F-7D99-438C-9AC6-5E121FDBD099}.Debug|Any CPU.ActiveCfg = Debug|Any CPU
		{B555972F-7D99-438C-9AC6-5E121FDBD099}.Debug|Any CPU.Build.0 = Debug|Any CPU
		{B555972F-7D99-438C-9AC6-5E121FDBD099}.Release|Any CPU.ActiveCfg = Release|Any CPU
		{B555972F-7D99-438C-9AC6-5E121FDBD099}.Release|Any CPU.Build.0 = Release|Any CPU
		{3C5DC71C-C763-4FD1-A941-5F3D5ED7F2E8}.Debug|Any CPU.ActiveCfg = Debug|Any CPU
		{3C5DC71C-C763-4FD1-A941-5F3D5ED7F2E8}.Debug|Any CPU.Build.0 = Debug|Any CPU
		{3C5DC71C-C763-4FD1-A941-5F3D5ED7F2E8}.Release|Any CPU.ActiveCfg = Release|Any CPU
		{3C5DC71C-C763-4FD1-A941-5F3D5ED7F2E8}.Release|Any CPU.Build.0 = Release|Any CPU
		{EF7B85FA-E1F2-44BE-B35F-9A9A150D5A65}.Debug|Any CPU.ActiveCfg = Debug|Any CPU
		{EF7B85FA-E1F2-44BE-B35F-9A9A150D5A65}.Debug|Any CPU.Build.0 = Debug|Any CPU
		{EF7B85FA-E1F2-44BE-B35F-9A9A150D5A65}.Release|Any CPU.ActiveCfg = Release|Any CPU
		{EF7B85FA-E1F2-44BE-B35F-9A9A150D5A65}.Release|Any CPU.Build.0 = Release|Any CPU
	EndGlobalSection
	GlobalSection(SolutionProperties) = preSolution
		HideSolutionNode = FALSE
	EndGlobalSection
	GlobalSection(NestedProjects) = preSolution
		{98E7E46B-9EAA-4B95-8D5A-4554F01D158A} = {51D645B2-5A4F-4F40-AFF5-6FA3CDA9843F}
		{23D5D33A-6305-4A92-B0E7-DCD8167AE0B4} = {51D645B2-5A4F-4F40-AFF5-6FA3CDA9843F}
		{C8F81DF7-40A4-48FE-AA57-DD6D1E2228AF} = {FBDA200B-6EAA-4121-9172-78E8BFCCFFF1}
		{B555972F-7D99-438C-9AC6-5E121FDBD099} = {FBDA200B-6EAA-4121-9172-78E8BFCCFFF1}
		{3C5DC71C-C763-4FD1-A941-5F3D5ED7F2E8} = {FBDA200B-6EAA-4121-9172-78E8BFCCFFF1}
		{EF7B85FA-E1F2-44BE-B35F-9A9A150D5A65} = {93576E9C-D08E-49AE-A628-D92ABE9B0B0C}
	EndGlobalSection
	GlobalSection(ExtensibilityGlobals) = postSolution
		SolutionGuid = {A470E8F4-B435-4C39-A556-A3A45D741F75}
	EndGlobalSection
EndGlobal
